
Microsoft Visual Studio Solution File, Format Version 12.00
# Visual Studio Version 17
VisualStudioVersion = 17.0.31919.166
MinimumVisualStudioVersion = 10.0.40219.1
Project("{FAE04EC0-301F-11D3-BF4B-00C04F79EFBC}") = "TwittorAPI", "TwittorAPI\TwittorAPI.csproj", "{FCC3F5E2-9FAD-45A4-98AC-2F1A7A6C00C9}"
EndProject
Project("{FAE04EC0-301F-11D3-BF4B-00C04F79EFBC}") = "KafkaApp", "KafkaApp\KafkaApp.csproj", "{578D95C2-0B73-4A5D-B181-B22B7F10806D}"
EndProject
Project("{FAE04EC0-301F-11D3-BF4B-00C04F79EFBC}") = "KafkaCreateTopics", "KafkaCreateTopics\KafkaCreateTopics.csproj", "{F666339F-B0E0-4118-883C-549768284C69}"
EndProject
Project("{FAE04EC0-301F-11D3-BF4B-00C04F79EFBC}") = "KafkaListeningApp", "KafkaListeningApp\KafkaListeningApp.csproj", "{092F8C60-75F2-42D5-AD99-CF9296994E80}"
EndProject
Global
	GlobalSection(SolutionConfigurationPlatforms) = preSolution
		Debug|Any CPU = Debug|Any CPU
		Release|Any CPU = Release|Any CPU
	EndGlobalSection
	GlobalSection(ProjectConfigurationPlatforms) = postSolution
		{FCC3F5E2-9FAD-45A4-98AC-2F1A7A6C00C9}.Debug|Any CPU.ActiveCfg = Debug|Any CPU
		{FCC3F5E2-9FAD-45A4-98AC-2F1A7A6C00C9}.Debug|Any CPU.Build.0 = Debug|Any CPU
		{FCC3F5E2-9FAD-45A4-98AC-2F1A7A6C00C9}.Release|Any CPU.ActiveCfg = Release|Any CPU
		{FCC3F5E2-9FAD-45A4-98AC-2F1A7A6C00C9}.Release|Any CPU.Build.0 = Release|Any CPU
		{578D95C2-0B73-4A5D-B181-B22B7F10806D}.Debug|Any CPU.ActiveCfg = Debug|Any CPU
		{578D95C2-0B73-4A5D-B181-B22B7F10806D}.Debug|Any CPU.Build.0 = Debug|Any CPU
		{578D95C2-0B73-4A5D-B181-B22B7F10806D}.Release|Any CPU.ActiveCfg = Release|Any CPU
		{578D95C2-0B73-4A5D-B181-B22B7F10806D}.Release|Any CPU.Build.0 = Release|Any CPU
		{F666339F-B0E0-4118-883C-549768284C69}.Debug|Any CPU.ActiveCfg = Debug|Any CPU
		{F666339F-B0E0-4118-883C-549768284C69}.Debug|Any CPU.Build.0 = Debug|Any CPU
		{F666339F-B0E0-4118-883C-549768284C69}.Release|Any CPU.ActiveCfg = Release|Any CPU
		{F666339F-B0E0-4118-883C-549768284C69}.Release|Any CPU.Build.0 = Release|Any CPU
		{092F8C60-75F2-42D5-AD99-CF9296994E80}.Debug|Any CPU.ActiveCfg = Debug|Any CPU
		{092F8C60-75F2-42D5-AD99-CF9296994E80}.Debug|Any CPU.Build.0 = Debug|Any CPU
		{092F8C60-75F2-42D5-AD99-CF9296994E80}.Release|Any CPU.ActiveCfg = Release|Any CPU
		{092F8C60-75F2-42D5-AD99-CF9296994E80}.Release|Any CPU.Build.0 = Release|Any CPU
	EndGlobalSection
	GlobalSection(SolutionProperties) = preSolution
		HideSolutionNode = FALSE
	EndGlobalSection
	GlobalSection(ExtensibilityGlobals) = postSolution
		SolutionGuid = {A7E759EF-5769-4A68-97E5-AA32C1F595AB}
	EndGlobalSection
EndGlobal
